{
  "name": "psd-convert-to-node",
  "version": "0.0.1",
  "lockfileVersion": 1,
  "requires": true,
  "dependencies": {
    "@babel/runtime": {
      "version": "7.4.4",
      "resolved": "https://registry.npmjs.org/@babel/runtime/-/runtime-7.4.4.tgz",
      "integrity": "sha1-3C40mC6yNoA6onoH/qaFevG5Fx0=",
      "requires": {
        "regenerator-runtime": "^0.13.2"
      }
    },
    "@types/node": {
      "version": "11.13.5",
      "resolved": "https://registry.npmjs.org/@types/node/-/node-11.13.5.tgz",
      "integrity": "sha1-JmVkr6imoJ3HeN+sxwPtPwnIBRY="
    },
    "@types/pngjs": {
      "version": "3.3.2",
      "resolved": "https://registry.npmjs.org/@types/pngjs/-/pngjs-3.3.2.tgz",
      "integrity": "sha1-jtO9ZVqzqS6jKtp6IfYY5juTsdQ=",
      "requires": {
        "@types/node": "*"
      }
    },
    "gl-matrix": {
      "version": "3.0.0",
      "resolved": "https://registry.npmjs.org/gl-matrix/-/gl-matrix-3.0.0.tgz",
      "integrity": "sha1-iIMBrHZQ4UjDhlNw4T7GbQioOB8="
    },
    "lodash": {
      "version": "4.17.11",
      "resolved": "https://registry.npm.taobao.org/lodash/download/lodash-4.17.11.tgz?cache=0&other_urls=https%3A%2F%2Fregistry.npm.taobao.org%2Flodash%2Fdownload%2Flodash-4.17.11.tgz",
      "integrity": "sha1-s56mIp72B+zYniyN8SU2iRysm40="
    },
    "math.gl": {
      "version": "2.3.1",
      "resolved": "https://registry.npmjs.org/math.gl/-/math.gl-2.3.1.tgz",
      "integrity": "sha1-QJng408D28RY5XlFWDuts6UXzo8=",
      "requires": {
        "@babel/runtime": "^7.0.0",
        "gl-matrix": "^3.0.0"
      }
    },
    "pngjs": {
      "version": "3.4.0",
      "resolved": "https://registry.npmjs.org/pngjs/-/pngjs-3.4.0.tgz",
      "integrity": "sha1-mcp9clll+2VYFOr2XzjxK72/VV8="
    },
    "prettier": {
      "version": "1.17.0",
      "resolved": "https://registry.npmjs.org/prettier/-/prettier-1.17.0.tgz",
      "integrity": "sha1-U7MDZ27tIswUqfDOwJtHezAmwAg=",
      "dev": true
    },
    "regenerator-runtime": {
      "version": "0.13.2",
      "resolved": "https://registry.npmjs.org/regenerator-runtime/-/regenerator-runtime-0.13.2.tgz",
      "integrity": "sha1-MuWcmm+5saSv8JtJMMotRHc0NEc="
    }
  }
}
