{
  "name": "hot-update-tools",
  "version": "0.0.3",
  "lockfileVersion": 1,
  "requires": true,
  "dependencies": {
    "jquery": {
      "version": "3.2.1",
      "resolved": "https://registry.npmjs.org/jquery/-/jquery-3.2.1.tgz",
      "integrity": "sha1-XE2d5lKvbNCncBVKYxu6ErAVx4c="
    },
    "nodemailer": {
      "version": "4.4.1",
      "resolved": "https://registry.npmjs.org/nodemailer/-/nodemailer-4.4.1.tgz",
      "integrity": "sha512-1bnszJJXatcHJhLpxQ1XMkLDjCjPKvGKMtRQ73FOsoNln3UQjddEQmz6fAwM3aj0GtQ3dQX9qtMHPelz63GU7A=="
    }
  }
}
