{
  "name": "mp3-compress",
  "version": "0.0.1",
  "lockfileVersion": 1,
  "requires": true,
  "dependencies": {
    "co": {
      "version": "4.6.0",
      "resolved": "https://registry.npmjs.org/co/-/co-4.6.0.tgz",
      "integrity": "sha1-bqa989hTrlTMuOR7+gvz+QMfsYQ="
    },
    "lamejs": {
      "version": "1.2.0",
      "resolved": "https://registry.npmjs.org/lamejs/-/lamejs-1.2.0.tgz",
      "integrity": "sha1-Aln4PbRmYUGntnG4yqY2nZUXfQg=",
      "requires": {
        "use-strict": "1.0.1"
      }
    },
    "use-strict": {
      "version": "1.0.1",
      "resolved": "https://registry.npmjs.org/use-strict/-/use-strict-1.0.1.tgz",
      "integrity": "sha1-C7gNlPSaSgUZK4Sox9NOlfGn46A="
    }
  }
}
